// !$*UTF8*$!
{
	archiveVersion = 1;
	classes = {
	};
	objectVersion = 56;
	objects = {

/* Begin PBXBuildFile section */
		A1000001233F0001 /* JournalBuddyApp.swift in Sources */ = {isa = PBXBuildFile; fileRef = A2000001233F0001 /* JournalBuddyApp.swift */; };
		A1000002233F0002 /* ContentView.swift in Sources */ = {isa = PBXBuildFile; fileRef = A2000002233F0002 /* ContentView.swift */; };
		A1000003233F0003 /* Assets.xcassets in Resources */ = {isa = PBXBuildFile; fileRef = A2000003233F0003 /* Assets.xcassets */; };
		A1000004233F0004 /* Preview Assets.xcassets in Resources */ = {isa = PBXBuildFile; fileRef = A2000004233F0004 /* Preview Assets.xcassets */; };
		A1000010233F0010 /* User.swift in Sources */ = {isa = PBXBuildFile; fileRef = A2000010233F0010 /* User.swift */; };
		A1000011233F0011 /* Entry.swift in Sources */ = {isa = PBXBuildFile; fileRef = A2000011233F0011 /* Entry.swift */; };
		A1000012233F0012 /* Goal.swift in Sources */ = {isa = PBXBuildFile; fileRef = A2000012233F0012 /* Goal.swift */; };
		A1000013233F0013 /* ChatSession.swift in Sources */ = {isa = PBXBuildFile; fileRef = A2000013233F0013 /* ChatSession.swift */; };
		A1000014233F0014 /* GamificationStats.swift in Sources */ = {isa = PBXBuildFile; fileRef = A2000014233F0014 /* GamificationStats.swift */; };
		A1000015233F0015 /* AutoSummary.swift in Sources */ = {isa = PBXBuildFile; fileRef = A2000015233F0015 /* AutoSummary.swift */; };
		A1000016233F0016 /* VoiceControlMessage.swift in Sources */ = {isa = PBXBuildFile; fileRef = A2000016233F0016 /* VoiceControlMessage.swift */; };
		A1000020233F0020 /* APIConstants.swift in Sources */ = {isa = PBXBuildFile; fileRef = A2000020233F0020 /* APIConstants.swift */; };
		A1000021233F0021 /* Date+Extensions.swift in Sources */ = {isa = PBXBuildFile; fileRef = A2000021233F0021 /* Date+Extensions.swift */; };
		A1000022233F0022 /* Color+Theme.swift in Sources */ = {isa = PBXBuildFile; fileRef = A2000022233F0022 /* Color+Theme.swift */; };
		A1000023233F0023 /* KeychainManager.swift in Sources */ = {isa = PBXBuildFile; fileRef = A2000023233F0023 /* KeychainManager.swift */; };
		A1000030233F0030 /* APIClient.swift in Sources */ = {isa = PBXBuildFile; fileRef = A2000030233F0030 /* APIClient.swift */; };
		A1000031233F0031 /* APIError.swift in Sources */ = {isa = PBXBuildFile; fileRef = A2000031233F0031 /* APIError.swift */; };
		A1000032233F0032 /* WebSocketManager.swift in Sources */ = {isa = PBXBuildFile; fileRef = A2000032233F0032 /* WebSocketManager.swift */; };
		A1000033233F0033 /* AudioEngineManager.swift in Sources */ = {isa = PBXBuildFile; fileRef = A2000033233F0033 /* AudioEngineManager.swift */; };
		A1000034233F0034 /* VoiceChatService.swift in Sources */ = {isa = PBXBuildFile; fileRef = A2000034233F0034 /* VoiceChatService.swift */; };
		A1000040233F0040 /* AuthViewModel.swift in Sources */ = {isa = PBXBuildFile; fileRef = A2000040233F0040 /* AuthViewModel.swift */; };
		A1000041233F0041 /* HomeViewModel.swift in Sources */ = {isa = PBXBuildFile; fileRef = A2000041233F0041 /* HomeViewModel.swift */; };
		A1000042233F0042 /* JournalListViewModel.swift in Sources */ = {isa = PBXBuildFile; fileRef = A2000042233F0042 /* JournalListViewModel.swift */; };
		A1000043233F0043 /* GoalsViewModel.swift in Sources */ = {isa = PBXBuildFile; fileRef = A2000043233F0043 /* GoalsViewModel.swift */; };
		A1000044233F0044 /* VoiceChatViewModel.swift in Sources */ = {isa = PBXBuildFile; fileRef = A2000044233F0044 /* VoiceChatViewModel.swift */; };
		A1000050233F0050 /* LoginView.swift in Sources */ = {isa = PBXBuildFile; fileRef = A2000050233F0050 /* LoginView.swift */; };
		A1000051233F0051 /* SignupView.swift in Sources */ = {isa = PBXBuildFile; fileRef = A2000051233F0051 /* SignupView.swift */; };
		A1000052233F0052 /* HomeView.swift in Sources */ = {isa = PBXBuildFile; fileRef = A2000052233F0052 /* HomeView.swift */; };
		A1000053233F0053 /* JournalListView.swift in Sources */ = {isa = PBXBuildFile; fileRef = A2000053233F0053 /* JournalListView.swift */; };
		A1000054233F0054 /* EntryDetailView.swift in Sources */ = {isa = PBXBuildFile; fileRef = A2000054233F0054 /* EntryDetailView.swift */; };
		A1000055233F0055 /* EntryEditorView.swift in Sources */ = {isa = PBXBuildFile; fileRef = A2000055233F0055 /* EntryEditorView.swift */; };
		A1000056233F0056 /* GoalsListView.swift in Sources */ = {isa = PBXBuildFile; fileRef = A2000056233F0056 /* GoalsListView.swift */; };
		A1000057233F0057 /* GoalDetailView.swift in Sources */ = {isa = PBXBuildFile; fileRef = A2000057233F0057 /* GoalDetailView.swift */; };
		A1000058233F0058 /* GoalEditorView.swift in Sources */ = {isa = PBXBuildFile; fileRef = A2000058233F0058 /* GoalEditorView.swift */; };
		A1000059233F0059 /* VoiceChatView.swift in Sources */ = {isa = PBXBuildFile; fileRef = A2000059233F0059 /* VoiceChatView.swift */; };
		A1000060233F0060 /* AvatarView.swift in Sources */ = {isa = PBXBuildFile; fileRef = A2000060233F0060 /* AvatarView.swift */; };
		A1000045233F0045 /* GamificationViewModel.swift in Sources */ = {isa = PBXBuildFile; fileRef = A2000045233F0045 /* GamificationViewModel.swift */; };
		A1000046233F0046 /* ChatHistoryViewModel.swift in Sources */ = {isa = PBXBuildFile; fileRef = A2000046233F0046 /* ChatHistoryViewModel.swift */; };
		A1000061233F0061 /* GamificationDashboardView.swift in Sources */ = {isa = PBXBuildFile; fileRef = A2000061233F0061 /* GamificationDashboardView.swift */; };
		A1000062233F0062 /* ChatHistoryView.swift in Sources */ = {isa = PBXBuildFile; fileRef = A2000062233F0062 /* ChatHistoryView.swift */; };
/* End PBXBuildFile section */

/* Begin PBXFileReference section */
		A2000001233F0001 /* JournalBuddyApp.swift */ = {isa = PBXFileReference; lastKnownFileType = sourcecode.swift; path = JournalBuddyApp.swift; sourceTree = "<group>"; };
		A2000002233F0002 /* ContentView.swift */ = {isa = PBXFileReference; lastKnownFileType = sourcecode.swift; path = ContentView.swift; sourceTree = "<group>"; };
		A2000003233F0003 /* Assets.xcassets */ = {isa = PBXFileReference; lastKnownFileType = folder.assetcatalog; path = Assets.xcassets; sourceTree = "<group>"; };
		A2000004233F0004 /* Preview Assets.xcassets */ = {isa = PBXFileReference; lastKnownFileType = folder.assetcatalog; path = "Preview Assets.xcassets"; sourceTree = "<group>"; };
		A2000010233F0010 /* User.swift */ = {isa = PBXFileReference; lastKnownFileType = sourcecode.swift; path = User.swift; sourceTree = "<group>"; };
		A2000011233F0011 /* Entry.swift */ = {isa = PBXFileReference; lastKnownFileType = sourcecode.swift; path = Entry.swift; sourceTree = "<group>"; };
		A2000012233F0012 /* Goal.swift */ = {isa = PBXFileReference; lastKnownFileType = sourcecode.swift; path = Goal.swift; sourceTree = "<group>"; };
		A2000013233F0013 /* ChatSession.swift */ = {isa = PBXFileReference; lastKnownFileType = sourcecode.swift; path = ChatSession.swift; sourceTree = "<group>"; };
		A2000014233F0014 /* GamificationStats.swift */ = {isa = PBXFileReference; lastKnownFileType = sourcecode.swift; path = GamificationStats.swift; sourceTree = "<group>"; };
		A2000015233F0015 /* AutoSummary.swift */ = {isa = PBXFileReference; lastKnownFileType = sourcecode.swift; path = AutoSummary.swift; sourceTree = "<group>"; };
		A2000016233F0016 /* VoiceControlMessage.swift */ = {isa = PBXFileReference; lastKnownFileType = sourcecode.swift; path = VoiceControlMessage.swift; sourceTree = "<group>"; };
		A2000020233F0020 /* APIConstants.swift */ = {isa = PBXFileReference; lastKnownFileType = sourcecode.swift; path = APIConstants.swift; sourceTree = "<group>"; };
		A2000021233F0021 /* Date+Extensions.swift */ = {isa = PBXFileReference; lastKnownFileType = sourcecode.swift; path = "Date+Extensions.swift"; sourceTree = "<group>"; };
		A2000022233F0022 /* Color+Theme.swift */ = {isa = PBXFileReference; lastKnownFileType = sourcecode.swift; path = "Color+Theme.swift"; sourceTree = "<group>"; };
		A2000023233F0023 /* KeychainManager.swift */ = {isa = PBXFileReference; lastKnownFileType = sourcecode.swift; path = KeychainManager.swift; sourceTree = "<group>"; };
		A2000030233F0030 /* APIClient.swift */ = {isa = PBXFileReference; lastKnownFileType = sourcecode.swift; path = APIClient.swift; sourceTree = "<group>"; };
		A2000031233F0031 /* APIError.swift */ = {isa = PBXFileReference; lastKnownFileType = sourcecode.swift; path = APIError.swift; sourceTree = "<group>"; };
		A2000032233F0032 /* WebSocketManager.swift */ = {isa = PBXFileReference; lastKnownFileType = sourcecode.swift; path = WebSocketManager.swift; sourceTree = "<group>"; };
		A2000033233F0033 /* AudioEngineManager.swift */ = {isa = PBXFileReference; lastKnownFileType = sourcecode.swift; path = AudioEngineManager.swift; sourceTree = "<group>"; };
		A2000034233F0034 /* VoiceChatService.swift */ = {isa = PBXFileReference; lastKnownFileType = sourcecode.swift; path = VoiceChatService.swift; sourceTree = "<group>"; };
		A2000040233F0040 /* AuthViewModel.swift */ = {isa = PBXFileReference; lastKnownFileType = sourcecode.swift; path = AuthViewModel.swift; sourceTree = "<group>"; };
		A2000041233F0041 /* HomeViewModel.swift */ = {isa = PBXFileReference; lastKnownFileType = sourcecode.swift; path = HomeViewModel.swift; sourceTree = "<group>"; };
		A2000042233F0042 /* JournalListViewModel.swift */ = {isa = PBXFileReference; lastKnownFileType = sourcecode.swift; path = JournalListViewModel.swift; sourceTree = "<group>"; };
		A2000043233F0043 /* GoalsViewModel.swift */ = {isa = PBXFileReference; lastKnownFileType = sourcecode.swift; path = GoalsViewModel.swift; sourceTree = "<group>"; };
		A2000044233F0044 /* VoiceChatViewModel.swift */ = {isa = PBXFileReference; lastKnownFileType = sourcecode.swift; path = VoiceChatViewModel.swift; sourceTree = "<group>"; };
		A2000050233F0050 /* LoginView.swift */ = {isa = PBXFileReference; lastKnownFileType = sourcecode.swift; path = LoginView.swift; sourceTree = "<group>"; };
		A2000051233F0051 /* SignupView.swift */ = {isa = PBXFileReference; lastKnownFileType = sourcecode.swift; path = SignupView.swift; sourceTree = "<group>"; };
		A2000052233F0052 /* HomeView.swift */ = {isa = PBXFileReference; lastKnownFileType = sourcecode.swift; path = HomeView.swift; sourceTree = "<group>"; };
		A2000053233F0053 /* JournalListView.swift */ = {isa = PBXFileReference; lastKnownFileType = sourcecode.swift; path = JournalListView.swift; sourceTree = "<group>"; };
		A2000054233F0054 /* EntryDetailView.swift */ = {isa = PBXFileReference; lastKnownFileType = sourcecode.swift; path = EntryDetailView.swift; sourceTree = "<group>"; };
		A2000055233F0055 /* EntryEditorView.swift */ = {isa = PBXFileReference; lastKnownFileType = sourcecode.swift; path = EntryEditorView.swift; sourceTree = "<group>"; };
		A2000056233F0056 /* GoalsListView.swift */ = {isa = PBXFileReference; lastKnownFileType = sourcecode.swift; path = GoalsListView.swift; sourceTree = "<group>"; };
		A2000057233F0057 /* GoalDetailView.swift */ = {isa = PBXFileReference; lastKnownFileType = sourcecode.swift; path = GoalDetailView.swift; sourceTree = "<group>"; };
		A2000058233F0058 /* GoalEditorView.swift */ = {isa = PBXFileReference; lastKnownFileType = sourcecode.swift; path = GoalEditorView.swift; sourceTree = "<group>"; };
		A2000059233F0059 /* VoiceChatView.swift */ = {isa = PBXFileReference; lastKnownFileType = sourcecode.swift; path = VoiceChatView.swift; sourceTree = "<group>"; };
		A2000060233F0060 /* AvatarView.swift */ = {isa = PBXFileReference; lastKnownFileType = sourcecode.swift; path = AvatarView.swift; sourceTree = "<group>"; };
		A2000045233F0045 /* GamificationViewModel.swift */ = {isa = PBXFileReference; lastKnownFileType = sourcecode.swift; path = GamificationViewModel.swift; sourceTree = "<group>"; };
		A2000046233F0046 /* ChatHistoryViewModel.swift */ = {isa = PBXFileReference; lastKnownFileType = sourcecode.swift; path = ChatHistoryViewModel.swift; sourceTree = "<group>"; };
		A2000061233F0061 /* GamificationDashboardView.swift */ = {isa = PBXFileReference; lastKnownFileType = sourcecode.swift; path = GamificationDashboardView.swift; sourceTree = "<group>"; };
		A2000062233F0062 /* ChatHistoryView.swift */ = {isa = PBXFileReference; lastKnownFileType = sourcecode.swift; path = ChatHistoryView.swift; sourceTree = "<group>"; };
		A3000000233F0000 /* JournalBuddy.app */ = {isa = PBXFileReference; explicitFileType = wrapper.application; includeInIndex = 0; path = JournalBuddy.app; sourceTree = BUILT_PRODUCTS_DIR; };
/* End PBXFileReference section */

/* Begin PBXFrameworksBuildPhase section */
		A4000001233F0001 /* Frameworks */ = {
			isa = PBXFrameworksBuildPhase;
			buildActionMask = 2147483647;
			files = (
			);
			runOnlyForDeploymentPostprocessing = 0;
		};
/* End PBXFrameworksBuildPhase section */

/* Begin PBXGroup section */
		A5000000233F0000 = {
			isa = PBXGroup;
			children = (
				A5000001233F0001 /* JournalBuddy */,
				A5000002233F0002 /* Products */,
			);
			sourceTree = "<group>";
		};
		A5000001233F0001 /* JournalBuddy */ = {
			isa = PBXGroup;
			children = (
				A5000010233F0010 /* App */,
				A5000020233F0020 /* Models */,
				A5000030233F0030 /* Core */,
				A5000040233F0040 /* Services */,
				A5000050233F0050 /* ViewModels */,
				A5000060233F0060 /* Views */,
				A2000003233F0003 /* Assets.xcassets */,
				A5000005233F0005 /* Preview Content */,
			);
			path = JournalBuddy;
			sourceTree = "<group>";
		};
		A5000002233F0002 /* Products */ = {
			isa = PBXGroup;
			children = (
				A3000000233F0000 /* JournalBuddy.app */,
			);
			name = Products;
			sourceTree = "<group>";
		};
		A5000005233F0005 /* Preview Content */ = {
			isa = PBXGroup;
			children = (
				A2000004233F0004 /* Preview Assets.xcassets */,
			);
			path = "Preview Content";
			sourceTree = "<group>";
		};
		A5000010233F0010 /* App */ = {
			isa = PBXGroup;
			children = (
				A2000001233F0001 /* JournalBuddyApp.swift */,
				A2000002233F0002 /* ContentView.swift */,
			);
			path = App;
			sourceTree = "<group>";
		};
		A5000020233F0020 /* Models */ = {
			isa = PBXGroup;
			children = (
				A2000010233F0010 /* User.swift */,
				A2000011233F0011 /* Entry.swift */,
				A2000012233F0012 /* Goal.swift */,
				A2000013233F0013 /* ChatSession.swift */,
				A2000014233F0014 /* GamificationStats.swift */,
				A2000015233F0015 /* AutoSummary.swift */,
				A2000016233F0016 /* VoiceControlMessage.swift */,
			);
			path = Models;
			sourceTree = "<group>";
		};
		A5000030233F0030 /* Core */ = {
			isa = PBXGroup;
			children = (
				A5000031233F0031 /* Constants */,
				A5000032233F0032 /* Extensions */,
				A5000033233F0033 /* Utilities */,
			);
			path = Core;
			sourceTree = "<group>";
		};
		A5000031233F0031 /* Constants */ = {
			isa = PBXGroup;
			children = (
				A2000020233F0020 /* APIConstants.swift */,
			);
			path = Constants;
			sourceTree = "<group>";
		};
		A5000032233F0032 /* Extensions */ = {
			isa = PBXGroup;
			children = (
				A2000021233F0021 /* Date+Extensions.swift */,
				A2000022233F0022 /* Color+Theme.swift */,
			);
			path = Extensions;
			sourceTree = "<group>";
		};
		A5000033233F0033 /* Utilities */ = {
			isa = PBXGroup;
			children = (
				A2000023233F0023 /* KeychainManager.swift */,
			);
			path = Utilities;
			sourceTree = "<group>";
		};
		A5000040233F0040 /* Services */ = {
			isa = PBXGroup;
			children = (
				A5000041233F0041 /* Networking */,
				A5000042233F0042 /* Audio */,
				A5000043233F0043 /* VoiceChat */,
			);
			path = Services;
			sourceTree = "<group>";
		};
		A5000041233F0041 /* Networking */ = {
			isa = PBXGroup;
			children = (
				A2000030233F0030 /* APIClient.swift */,
				A2000031233F0031 /* APIError.swift */,
				A2000032233F0032 /* WebSocketManager.swift */,
			);
			path = Networking;
			sourceTree = "<group>";
		};
		A5000042233F0042 /* Audio */ = {
			isa = PBXGroup;
			children = (
				A2000033233F0033 /* AudioEngineManager.swift */,
			);
			path = Audio;
			sourceTree = "<group>";
		};
		A5000043233F0043 /* VoiceChat */ = {
			isa = PBXGroup;
			children = (
				A2000034233F0034 /* VoiceChatService.swift */,
			);
			path = VoiceChat;
			sourceTree = "<group>";
		};
		A5000050233F0050 /* ViewModels */ = {
			isa = PBXGroup;
			children = (
				A2000040233F0040 /* AuthViewModel.swift */,
				A2000041233F0041 /* HomeViewModel.swift */,
				A2000042233F0042 /* JournalListViewModel.swift */,
				A2000043233F0043 /* GoalsViewModel.swift */,
				A2000044233F0044 /* VoiceChatViewModel.swift */,
				A2000045233F0045 /* GamificationViewModel.swift */,
				A2000046233F0046 /* ChatHistoryViewModel.swift */,
			);
			path = ViewModels;
			sourceTree = "<group>";
		};
		A5000060233F0060 /* Views */ = {
			isa = PBXGroup;
			children = (
				A5000061233F0061 /* Onboarding */,
				A5000062233F0062 /* Home */,
				A5000063233F0063 /* Journal */,
				A5000064233F0064 /* Goals */,
				A5000065233F0065 /* VoiceChat */,
				A5000066233F0066 /* Gamification */,
				A5000067233F0067 /* ChatHistory */,
			);
			path = Views;
			sourceTree = "<group>";
		};
		A5000065233F0065 /* VoiceChat */ = {
			isa = PBXGroup;
			children = (
				A2000059233F0059 /* VoiceChatView.swift */,
				A2000060233F0060 /* AvatarView.swift */,
			);
			path = VoiceChat;
			sourceTree = "<group>";
		};
		A5000061233F0061 /* Onboarding */ = {
			isa = PBXGroup;
			children = (
				A2000050233F0050 /* LoginView.swift */,
				A2000051233F0051 /* SignupView.swift */,
			);
			path = Onboarding;
			sourceTree = "<group>";
		};
		A5000062233F0062 /* Home */ = {
			isa = PBXGroup;
			children = (
				A2000052233F0052 /* HomeView.swift */,
			);
			path = Home;
			sourceTree = "<group>";
		};
		A5000063233F0063 /* Journal */ = {
			isa = PBXGroup;
			children = (
				A2000053233F0053 /* JournalListView.swift */,
				A2000054233F0054 /* EntryDetailView.swift */,
				A2000055233F0055 /* EntryEditorView.swift */,
			);
			path = Journal;
			sourceTree = "<group>";
		};
		A5000064233F0064 /* Goals */ = {
			isa = PBXGroup;
			children = (
				A2000056233F0056 /* GoalsListView.swift */,
				A2000057233F0057 /* GoalDetailView.swift */,
				A2000058233F0058 /* GoalEditorView.swift */,
			);
			path = Goals;
			sourceTree = "<group>";
		};
		A5000066233F0066 /* Gamification */ = {
			isa = PBXGroup;
			children = (
				A2000061233F0061 /* GamificationDashboardView.swift */,
			);
			path = Gamification;
			sourceTree = "<group>";
		};
		A5000067233F0067 /* ChatHistory */ = {
			isa = PBXGroup;
			children = (
				A2000062233F0062 /* ChatHistoryView.swift */,
			);
			path = ChatHistory;
			sourceTree = "<group>";
		};
/* End PBXGroup section */

/* Begin PBXNativeTarget section */
		A6000000233F0000 /* JournalBuddy */ = {
			isa = PBXNativeTarget;
			buildConfigurationList = A7000002233F0002 /* Build configuration list for PBXNativeTarget "JournalBuddy" */;
			buildPhases = (
				A6000001233F0001 /* Sources */,
				A4000001233F0001 /* Frameworks */,
				A6000002233F0002 /* Resources */,
			);
			buildRules = (
			);
			dependencies = (
			);
			name = JournalBuddy;
			productName = JournalBuddy;
			productReference = A3000000233F0000 /* JournalBuddy.app */;
			productType = "com.apple.product-type.application";
		};
/* End PBXNativeTarget section */

/* Begin PBXProject section */
		A8000000233F0000 /* Project object */ = {
			isa = PBXProject;
			attributes = {
				BuildIndependentTargetsInParallel = 1;
				LastSwiftUpdateCheck = 1500;
				LastUpgradeCheck = 1500;
				TargetAttributes = {
					A6000000233F0000 = {
						CreatedOnToolsVersion = 15.0;
					};
				};
			};
			buildConfigurationList = A7000001233F0001 /* Build configuration list for PBXProject "JournalBuddy" */;
			compatibilityVersion = "Xcode 14.0";
			developmentRegion = en;
			hasScannedForEncodings = 0;
			knownRegions = (
				en,
				Base,
			);
			mainGroup = A5000000233F0000;
			productRefGroup = A5000002233F0002 /* Products */;
			projectDirPath = "";
			projectRoot = "";
			targets = (
				A6000000233F0000 /* JournalBuddy */,
			);
		};
/* End PBXProject section */

/* Begin PBXResourcesBuildPhase section */
		A6000002233F0002 /* Resources */ = {
			isa = PBXResourcesBuildPhase;
			buildActionMask = 2147483647;
			files = (
				A1000004233F0004 /* Preview Assets.xcassets in Resources */,
				A1000003233F0003 /* Assets.xcassets in Resources */,
			);
			runOnlyForDeploymentPostprocessing = 0;
		};
/* End PBXResourcesBuildPhase section */

/* Begin PBXSourcesBuildPhase section */
		A6000001233F0001 /* Sources */ = {
			isa = PBXSourcesBuildPhase;
			buildActionMask = 2147483647;
			files = (
				A1000001233F0001 /* JournalBuddyApp.swift in Sources */,
				A1000002233F0002 /* ContentView.swift in Sources */,
				A1000010233F0010 /* User.swift in Sources */,
				A1000011233F0011 /* Entry.swift in Sources */,
				A1000012233F0012 /* Goal.swift in Sources */,
				A1000013233F0013 /* ChatSession.swift in Sources */,
				A1000014233F0014 /* GamificationStats.swift in Sources */,
				A1000015233F0015 /* AutoSummary.swift in Sources */,
				A1000016233F0016 /* VoiceControlMessage.swift in Sources */,
				A1000020233F0020 /* APIConstants.swift in Sources */,
				A1000021233F0021 /* Date+Extensions.swift in Sources */,
				A1000022233F0022 /* Color+Theme.swift in Sources */,
				A1000023233F0023 /* KeychainManager.swift in Sources */,
				A1000030233F0030 /* APIClient.swift in Sources */,
				A1000031233F0031 /* APIError.swift in Sources */,
				A1000032233F0032 /* WebSocketManager.swift in Sources */,
				A1000033233F0033 /* AudioEngineManager.swift in Sources */,
				A1000034233F0034 /* VoiceChatService.swift in Sources */,
				A1000040233F0040 /* AuthViewModel.swift in Sources */,
				A1000041233F0041 /* HomeViewModel.swift in Sources */,
				A1000042233F0042 /* JournalListViewModel.swift in Sources */,
				A1000043233F0043 /* GoalsViewModel.swift in Sources */,
				A1000044233F0044 /* VoiceChatViewModel.swift in Sources */,
				A1000050233F0050 /* LoginView.swift in Sources */,
				A1000051233F0051 /* SignupView.swift in Sources */,
				A1000052233F0052 /* HomeView.swift in Sources */,
				A1000053233F0053 /* JournalListView.swift in Sources */,
				A1000054233F0054 /* EntryDetailView.swift in Sources */,
				A1000055233F0055 /* EntryEditorView.swift in Sources */,
				A1000056233F0056 /* GoalsListView.swift in Sources */,
				A1000057233F0057 /* GoalDetailView.swift in Sources */,
				A1000058233F0058 /* GoalEditorView.swift in Sources */,
				A1000059233F0059 /* VoiceChatView.swift in Sources */,
				A1000060233F0060 /* AvatarView.swift in Sources */,
				A1000045233F0045 /* GamificationViewModel.swift in Sources */,
				A1000046233F0046 /* ChatHistoryViewModel.swift in Sources */,
				A1000061233F0061 /* GamificationDashboardView.swift in Sources */,
				A1000062233F0062 /* ChatHistoryView.swift in Sources */,
			);
			runOnlyForDeploymentPostprocessing = 0;
		};
/* End PBXSourcesBuildPhase section */

/* Begin XCBuildConfiguration section */
		A9000001233F0001 /* Debug */ = {
			isa = XCBuildConfiguration;
			buildSettings = {
				ALWAYS_SEARCH_USER_PATHS = NO;
				ASSETCATALOG_COMPILER_GENERATE_SWIFT_ASSET_SYMBOL_EXTENSIONS = YES;
				CLANG_ANALYZER_NONNULL = YES;
				CLANG_ANALYZER_NUMBER_OBJECT_CONVERSION = YES_AGGRESSIVE;
				CLANG_CXX_LANGUAGE_STANDARD = "gnu++20";
				CLANG_ENABLE_MODULES = YES;
				CLANG_ENABLE_OBJC_ARC = YES;
				CLANG_ENABLE_OBJC_WEAK = YES;
				CLANG_WARN_BLOCK_CAPTURE_AUTORELEASING = YES;
				CLANG_WARN_BOOL_CONVERSION = YES;
				CLANG_WARN_COMMA = YES;
				CLANG_WARN_CONSTANT_CONVERSION = YES;
				CLANG_WARN_DEPRECATED_OBJC_IMPLEMENTATIONS = YES;
				CLANG_WARN_DIRECT_OBJC_ISA_USAGE = YES_ERROR;
				CLANG_WARN_DOCUMENTATION_COMMENTS = YES;
				CLANG_WARN_EMPTY_BODY = YES;
				CLANG_WARN_ENUM_CONVERSION = YES;
				CLANG_WARN_INFINITE_RECURSION = YES;
				CLANG_WARN_INT_CONVERSION = YES;
				CLANG_WARN_NON_LITERAL_NULL_CONVERSION = YES;
				CLANG_WARN_OBJC_IMPLICIT_RETAIN_SELF = YES;
				CLANG_WARN_OBJC_LITERAL_CONVERSION = YES;
				CLANG_WARN_OBJC_ROOT_CLASS = YES_ERROR;
				CLANG_WARN_QUOTED_INCLUDE_IN_FRAMEWORK_HEADER = YES;
				CLANG_WARN_RANGE_LOOP_ANALYSIS = YES;
				CLANG_WARN_STRICT_PROTOTYPES = YES;
				CLANG_WARN_SUSPICIOUS_MOVE = YES;
				CLANG_WARN_UNGUARDED_AVAILABILITY = YES_AGGRESSIVE;
				CLANG_WARN_UNREACHABLE_CODE = YES;
				CLANG_WARN__DUPLICATE_METHOD_MATCH = YES;
				COPY_PHASE_STRIP = NO;
				DEBUG_INFORMATION_FORMAT = dwarf;
				ENABLE_STRICT_OBJC_MSGSEND = YES;
				ENABLE_TESTABILITY = YES;
				ENABLE_USER_SCRIPT_SANDBOXING = YES;
				GCC_C_LANGUAGE_STANDARD = gnu17;
				GCC_DYNAMIC_NO_PIC = NO;
				GCC_NO_COMMON_BLOCKS = YES;
				GCC_OPTIMIZATION_LEVEL = 0;
				GCC_PREPROCESSOR_DEFINITIONS = (
					"DEBUG=1",
					"$(inherited)",
				);
				GCC_WARN_64_TO_32_BIT_CONVERSION = YES;
				GCC_WARN_ABOUT_RETURN_TYPE = YES_ERROR;
				GCC_WARN_UNDECLARED_SELECTOR = YES;
				GCC_WARN_UNINITIALIZED_AUTOS = YES_AGGRESSIVE;
				GCC_WARN_UNUSED_FUNCTION = YES;
				GCC_WARN_UNUSED_VARIABLE = YES;
				IPHONEOS_DEPLOYMENT_TARGET = 17.0;
				LOCALIZATION_PREFERS_STRING_CATALOGS = YES;
				MTL_ENABLE_DEBUG_INFO = INCLUDE_SOURCE;
				MTL_FAST_MATH = YES;
				ONLY_ACTIVE_ARCH = YES;
				SDKROOT = iphoneos;
				SWIFT_ACTIVE_COMPILATION_CONDITIONS = "DEBUG $(inherited)";
				SWIFT_OPTIMIZATION_LEVEL = "-Onone";
			};
			name = Debug;
		};
		A9000002233F0002 /* Release */ = {
			isa = XCBuildConfiguration;
			buildSettings = {
				ALWAYS_SEARCH_USER_PATHS = NO;
				ASSETCATALOG_COMPILER_GENERATE_SWIFT_ASSET_SYMBOL_EXTENSIONS = YES;
				CLANG_ANALYZER_NONNULL = YES;
				CLANG_ANALYZER_NUMBER_OBJECT_CONVERSION = YES_AGGRESSIVE;
				CLANG_CXX_LANGUAGE_STANDARD = "gnu++20";
				CLANG_ENABLE_MODULES = YES;
				CLANG_ENABLE_OBJC_ARC = YES;
				CLANG_ENABLE_OBJC_WEAK = YES;
				CLANG_WARN_BLOCK_CAPTURE_AUTORELEASING = YES;
				CLANG_WARN_BOOL_CONVERSION = YES;
				CLANG_WARN_COMMA = YES;
				CLANG_WARN_CONSTANT_CONVERSION = YES;
				CLANG_WARN_DEPRECATED_OBJC_IMPLEMENTATIONS = YES;
				CLANG_WARN_DIRECT_OBJC_ISA_USAGE = YES_ERROR;
				CLANG_WARN_DOCUMENTATION_COMMENTS = YES;
				CLANG_WARN_EMPTY_BODY = YES;
				CLANG_WARN_ENUM_CONVERSION = YES;
				CLANG_WARN_INFINITE_RECURSION = YES;
				CLANG_WARN_INT_CONVERSION = YES;
				CLANG_WARN_NON_LITERAL_NULL_CONVERSION = YES;
				CLANG_WARN_OBJC_IMPLICIT_RETAIN_SELF = YES;
				CLANG_WARN_OBJC_LITERAL_CONVERSION = YES;
				CLANG_WARN_OBJC_ROOT_CLASS = YES_ERROR;
				CLANG_WARN_QUOTED_INCLUDE_IN_FRAMEWORK_HEADER = YES;
				CLANG_WARN_RANGE_LOOP_ANALYSIS = YES;
				CLANG_WARN_STRICT_PROTOTYPES = YES;
				CLANG_WARN_SUSPICIOUS_MOVE = YES;
				CLANG_WARN_UNGUARDED_AVAILABILITY = YES_AGGRESSIVE;
				CLANG_WARN_UNREACHABLE_CODE = YES;
				CLANG_WARN__DUPLICATE_METHOD_MATCH = YES;
				COPY_PHASE_STRIP = NO;
				DEBUG_INFORMATION_FORMAT = "dwarf-with-dsym";
				ENABLE_NS_ASSERTIONS = NO;
				ENABLE_STRICT_OBJC_MSGSEND = YES;
				ENABLE_USER_SCRIPT_SANDBOXING = YES;
				GCC_C_LANGUAGE_STANDARD = gnu17;
				GCC_NO_COMMON_BLOCKS = YES;
				GCC_WARN_64_TO_32_BIT_CONVERSION = YES;
				GCC_WARN_ABOUT_RETURN_TYPE = YES_ERROR;
				GCC_WARN_UNDECLARED_SELECTOR = YES;
				GCC_WARN_UNINITIALIZED_AUTOS = YES_AGGRESSIVE;
				GCC_WARN_UNUSED_FUNCTION = YES;
				GCC_WARN_UNUSED_VARIABLE = YES;
				IPHONEOS_DEPLOYMENT_TARGET = 17.0;
				LOCALIZATION_PREFERS_STRING_CATALOGS = YES;
				MTL_ENABLE_DEBUG_INFO = NO;
				MTL_FAST_MATH = YES;
				SDKROOT = iphoneos;
				SWIFT_COMPILATION_MODE = wholemodule;
				VALIDATE_PRODUCT = YES;
			};
			name = Release;
		};
		A9000003233F0003 /* Debug */ = {
			isa = XCBuildConfiguration;
			buildSettings = {
				ASSETCATALOG_COMPILER_APPICON_NAME = AppIcon;
				ASSETCATALOG_COMPILER_GLOBAL_ACCENT_COLOR_NAME = AccentColor;
				CODE_SIGN_STYLE = Automatic;
				CURRENT_PROJECT_VERSION = 1;
				DEVELOPMENT_ASSET_PATHS = "\"JournalBuddy/Preview Content\"";
				DEVELOPMENT_TEAM = PB569DUJ73;
				ENABLE_PREVIEWS = YES;
				GENERATE_INFOPLIST_FILE = YES;
				INFOPLIST_FILE = JournalBuddy/Info.plist;
				INFOPLIST_KEY_NSMicrophoneUsageDescription = "JournalBuddy needs microphone access for voice journaling";
				INFOPLIST_KEY_UIApplicationSceneManifest_Generation = YES;
				INFOPLIST_KEY_UIApplicationSupportsIndirectInputEvents = YES;
				INFOPLIST_KEY_UILaunchScreen_Generation = YES;
				INFOPLIST_KEY_UISupportedInterfaceOrientations_iPad = "UIInterfaceOrientationPortrait UIInterfaceOrientationPortraitUpsideDown UIInterfaceOrientationLandscapeLeft UIInterfaceOrientationLandscapeRight";
				INFOPLIST_KEY_UISupportedInterfaceOrientations_iPhone = "UIInterfaceOrientationPortrait UIInterfaceOrientationLandscapeLeft UIInterfaceOrientationLandscapeRight";
				LD_RUNPATH_SEARCH_PATHS = (
					"$(inherited)",
					"@executable_path/Frameworks",
				);
				MARKETING_VERSION = 1.0;
				PRODUCT_BUNDLE_IDENTIFIER = com.journalbuddy.app;
				PRODUCT_NAME = "$(TARGET_NAME)";
				SWIFT_EMIT_LOC_STRINGS = YES;
				SWIFT_VERSION = 5.0;
				TARGETED_DEVICE_FAMILY = "1,2";
			};
			name = Debug;
		};
		A9000004233F0004 /* Release */ = {
			isa = XCBuildConfiguration;
			buildSettings = {
				ASSETCATALOG_COMPILER_APPICON_NAME = AppIcon;
				ASSETCATALOG_COMPILER_GLOBAL_ACCENT_COLOR_NAME = AccentColor;
				CODE_SIGN_STYLE = Automatic;
				CURRENT_PROJECT_VERSION = 1;
				DEVELOPMENT_ASSET_PATHS = "\"JournalBuddy/Preview Content\"";
				DEVELOPMENT_TEAM = PB569DUJ73;
				ENABLE_PREVIEWS = YES;
				GENERATE_INFOPLIST_FILE = YES;
				INFOPLIST_FILE = JournalBuddy/Info.plist;
				INFOPLIST_KEY_NSMicrophoneUsageDescription = "JournalBuddy needs microphone access for voice journaling";
				INFOPLIST_KEY_UIApplicationSceneManifest_Generation = YES;
				INFOPLIST_KEY_UIApplicationSupportsIndirectInputEvents = YES;
				INFOPLIST_KEY_UILaunchScreen_Generation = YES;
				INFOPLIST_KEY_UISupportedInterfaceOrientations_iPad = "UIInterfaceOrientationPortrait UIInterfaceOrientationPortraitUpsideDown UIInterfaceOrientationLandscapeLeft UIInterfaceOrientationLandscapeRight";
				INFOPLIST_KEY_UISupportedInterfaceOrientations_iPhone = "UIInterfaceOrientationPortrait UIInterfaceOrientationLandscapeLeft UIInterfaceOrientationLandscapeRight";
				LD_RUNPATH_SEARCH_PATHS = (
					"$(inherited)",
					"@executable_path/Frameworks",
				);
				MARKETING_VERSION = 1.0;
				PRODUCT_BUNDLE_IDENTIFIER = com.journalbuddy.app;
				PRODUCT_NAME = "$(TARGET_NAME)";
				SWIFT_EMIT_LOC_STRINGS = YES;
				SWIFT_VERSION = 5.0;
				TARGETED_DEVICE_FAMILY = "1,2";
			};
			name = Release;
		};
/* End XCBuildConfiguration section */

/* Begin XCConfigurationList section */
		A7000001233F0001 /* Build configuration list for PBXProject "JournalBuddy" */ = {
			isa = XCConfigurationList;
			buildConfigurations = (
				A9000001233F0001 /* Debug */,
				A9000002233F0002 /* Release */,
			);
			defaultConfigurationIsVisible = 0;
			defaultConfigurationName = Release;
		};
		A7000002233F0002 /* Build configuration list for PBXNativeTarget "JournalBuddy" */ = {
			isa = XCConfigurationList;
			buildConfigurations = (
				A9000003233F0003 /* Debug */,
				A9000004233F0004 /* Release */,
			);
			defaultConfigurationIsVisible = 0;
			defaultConfigurationName = Release;
		};
/* End XCConfigurationList section */
	};
	rootObject = A8000000233F0000 /* Project object */;
}
